<?xml version="1.0" encoding="utf-8"?>
<Project ToolsVersion="4.0" xmlns="http://schemas.microsoft.com/developer/msbuild/2003">
  <ItemGroup>
    <Filter Include="源文件">
      <UniqueIdentifier>{4FC737F1-C7A5-4376-A066-2A32D752A2FF}</UniqueIdentifier>
      <Extensions>cpp;c;cc;cxx;c++;cppm;ixx;def;odl;idl;hpj;bat;asm;asmx</Extensions>
    </Filter>
    <Filter Include="头文件">
      <UniqueIdentifier>{93995380-89BD-4b04-88EB-625FBE52EBFB}</UniqueIdentifier>
      <Extensions>h;hh;hpp;hxx;h++;hm;inl;inc;ipp;xsd</Extensions>
    </Filter>
    <Filter Include="ViewObject">
      <UniqueIdentifier>{41d0d022-96a1-4900-afaa-c99d9167388a}</UniqueIdentifier>
    </Filter>
    <Filter Include="Base">
      <UniqueIdentifier>{4ff9d31e-df2a-4e5d-a0a7-655527489e30}</UniqueIdentifier>
    </Filter>
    <Filter Include="ViewGroup">
      <UniqueIdentifier>{dbd9e4d2-653e-4bb5-818c-95264eaf5f42}</UniqueIdentifier>
    </Filter>
    <Filter Include="GameObject">
      <UniqueIdentifier>{7e9773b6-4e11-4ea7-8620-0cded9dc7ae5}</UniqueIdentifier>
    </Filter>
    <Filter Include="Shader">
      <UniqueIdentifier>{67DA6AB6-F800-4c08-8B7A-83BB121AAD01}</UniqueIdentifier>
      <Extensions>rc;ico;cur;bmp;dlg;rc2;rct;bin;rgs;gif;jpg;jpeg;jpe;resx;tiff;tif;png;wav;mfcribbon-ms</Extensions>
    </Filter>
    <Filter Include="Shader\Grass">
      <UniqueIdentifier>{c09ff0a2-1e17-44e6-b6f6-b57228a7bb64}</UniqueIdentifier>
    </Filter>
    <Filter Include="Shader\Texture">
      <UniqueIdentifier>{93cb678b-c715-4215-aa00-1bc4b8f8a43c}</UniqueIdentifier>
    </Filter>
    <Filter Include="Shader\Transparent">
      <UniqueIdentifier>{410d112d-2ee5-4c63-a189-5050cc3ab707}</UniqueIdentifier>
    </Filter>
    <Filter Include="Shader\Water">
      <UniqueIdentifier>{0101ea2a-2e94-4474-8825-f5cfbc1738b0}</UniqueIdentifier>
    </Filter>
    <Filter Include="Shader\Fit">
      <UniqueIdentifier>{0820c964-bf08-4132-b821-5f9ab6018f75}</UniqueIdentifier>
    </Filter>
    <Filter Include="Shader\Common">
      <UniqueIdentifier>{c27543dd-68fe-424f-8c98-8c4aaf5c2cdf}</UniqueIdentifier>
    </Filter>
    <Filter Include="Shader\Others">
      <UniqueIdentifier>{96746b36-51f9-44c9-bf92-d3ac03e94112}</UniqueIdentifier>
    </Filter>
    <Filter Include="Shader\Ground">
      <UniqueIdentifier>{e81c4733-9475-4269-8307-78d1f28e519a}</UniqueIdentifier>
    </Filter>
    <Filter Include="Shader\SkyBox">
      <UniqueIdentifier>{1cc843c9-d229-41fe-8000-4c8b87ae0bd1}</UniqueIdentifier>
    </Filter>
  </ItemGroup>
  <ItemGroup>
    <ClInclude Include="baseElement.h">
      <Filter>头文件</Filter>
    </ClInclude>
    <ClInclude Include="Camera.h">
      <Filter>头文件</Filter>
    </ClInclude>
    <ClInclude Include="Interaction.h">
      <Filter>头文件</Filter>
    </ClInclude>
    <ClInclude Include="Light.h">
      <Filter>头文件</Filter>
    </ClInclude>
    <ClInclude Include="Shadow.h">
      <Filter>头文件</Filter>
    </ClInclude>
    <ClInclude Include="Water.h">
      <Filter>ViewObject</Filter>
    </ClInclude>
    <ClInclude Include="FitTexturePlane.h">
      <Filter>ViewObject</Filter>
    </ClInclude>
    <ClInclude Include="TexturedPlane.h">
      <Filter>ViewObject</Filter>
    </ClInclude>
    <ClInclude Include="TransparentPlane.h">
      <Filter>ViewObject</Filter>
    </ClInclude>
    <ClInclude Include="ViewObject.h">
      <Filter>ViewObject</Filter>
    </ClInclude>
    <ClInclude Include="ViewHeader.h">
      <Filter>Base</Filter>
    </ClInclude>
    <ClInclude Include="GlobalData.h">
      <Filter>Base</Filter>
    </ClInclude>
    <ClInclude Include="toolkit.h">
      <Filter>Base</Filter>
    </ClInclude>
    <ClInclude Include="Scene.h">
      <Filter>头文件</Filter>
    </ClInclude>
    <ClInclude Include="SkyBox.h">
      <Filter>ViewObject</Filter>
    </ClInclude>
    <ClInclude Include="ViewGroup.h">
      <Filter>ViewGroup</Filter>
    </ClInclude>
    <ClInclude Include="GameObject.h">
      <Filter>GameObject</Filter>
    </ClInclude>
  </ItemGroup>
  <ItemGroup>
    <ClCompile Include="main.cpp">
      <Filter>源文件</Filter>
    </ClCompile>
    <ClCompile Include="..\include\OpenGL\glad.c">
      <Filter>源文件</Filter>
    </ClCompile>
    <ClCompile Include="ViewObject.cpp">
      <Filter>ViewObject</Filter>
    </ClCompile>
    <ClCompile Include="GlobalData.cpp">
      <Filter>Base</Filter>
    </ClCompile>
    <ClCompile Include="Water.cpp">
      <Filter>ViewObject</Filter>
    </ClCompile>
    <ClCompile Include="toolkit.cpp">
      <Filter>Base</Filter>
    </ClCompile>
    <ClCompile Include="Scene.cpp">
      <Filter>头文件</Filter>
    </ClCompile>
    <ClCompile Include="TransparentPlane.cpp">
      <Filter>ViewObject</Filter>
    </ClCompile>
    <ClCompile Include="Shadow.cpp">
      <Filter>头文件</Filter>
    </ClCompile>
    <ClCompile Include="ViewHeader.cpp">
      <Filter>Base</Filter>
    </ClCompile>
    <ClCompile Include="TexturedPlane.cpp">
      <Filter>ViewObject</Filter>
    </ClCompile>
    <ClCompile Include="FitTexturePlane.cpp">
      <Filter>ViewObject</Filter>
    </ClCompile>
    <ClCompile Include="GameObject.cpp">
      <Filter>GameObject</Filter>
    </ClCompile>
    <ClCompile Include="Interaction.cpp">
      <Filter>头文件</Filter>
    </ClCompile>
  </ItemGroup>
  <ItemGroup>
    <None Include="..\shader\GBufferLight.frag">
      <Filter>Shader\Common</Filter>
    </None>
    <None Include="..\shader\GBufferLight.vert">
      <Filter>Shader\Common</Filter>
    </None>
    <None Include="..\shader\RankOIT.frag">
      <Filter>Shader\Common</Filter>
    </None>
    <None Include="..\shader\RankOIT.vert">
      <Filter>Shader\Common</Filter>
    </None>
    <None Include="..\shader\Shadow.frag">
      <Filter>Shader\Common</Filter>
    </None>
    <None Include="..\shader\Shadow.vert">
      <Filter>Shader\Common</Filter>
    </None>
    <None Include="..\shader\Fit.geom">
      <Filter>Shader\Fit</Filter>
    </None>
    <None Include="..\shader\Fit.tesc">
      <Filter>Shader\Fit</Filter>
    </None>
    <None Include="..\shader\Fit.tese">
      <Filter>Shader\Fit</Filter>
    </None>
    <None Include="..\shader\FitUpdate.frag">
      <Filter>Shader\Fit</Filter>
    </None>
    <None Include="..\shader\FitUpdate.vert">
      <Filter>Shader\Fit</Filter>
    </None>
    <None Include="..\shader\GBufferFitTexture.frag">
      <Filter>Shader\Fit</Filter>
    </None>
    <None Include="..\shader\GBufferGrass.frag">
      <Filter>Shader\Grass</Filter>
    </None>
    <None Include="..\shader\GrassControl.tesc">
      <Filter>Shader\Grass</Filter>
    </None>
    <None Include="..\shader\GrassEvaluation.tese">
      <Filter>Shader\Grass</Filter>
    </None>
    <None Include="..\shader\GrassNormal.geom">
      <Filter>Shader\Grass</Filter>
    </None>
    <None Include="..\shader\GrassShadow.frag">
      <Filter>Shader\Grass</Filter>
    </None>
    <None Include="..\shader\Ground.frag">
      <Filter>Shader\Ground</Filter>
    </None>
    <None Include="..\shader\Ground.vert">
      <Filter>Shader\Ground</Filter>
    </None>
    <None Include="..\shader\GBufferSkyBox.frag">
      <Filter>Shader\SkyBox</Filter>
    </None>
    <None Include="..\shader\SkyBox.frag">
      <Filter>Shader\SkyBox</Filter>
    </None>
    <None Include="..\shader\SkyBox.vert">
      <Filter>Shader\SkyBox</Filter>
    </None>
    <None Include="..\shader\DisplayOIT.frag">
      <Filter>Shader\Others</Filter>
    </None>
    <None Include="..\shader\DisplayOIT.vert">
      <Filter>Shader\Others</Filter>
    </None>
    <None Include="..\shader\GBufferShow.frag">
      <Filter>Shader\Others</Filter>
    </None>
    <None Include="..\shader\GBufferShow.vert">
      <Filter>Shader\Others</Filter>
    </None>
    <None Include="..\shader\GBufferShowShadow.frag">
      <Filter>Shader\Others</Filter>
    </None>
    <None Include="..\shader\GBufferShowShadow.vert">
      <Filter>Shader\Others</Filter>
    </None>
    <None Include="..\shader\GBufferTexture.frag">
      <Filter>Shader\Texture</Filter>
    </None>
    <None Include="..\shader\GBufferTexture.vert">
      <Filter>Shader\Texture</Filter>
    </None>
    <None Include="..\shader\GBufferTrans.vert">
      <Filter>Shader\Transparent</Filter>
    </None>
    <None Include="..\shader\Water.frag">
      <Filter>Shader\Water</Filter>
    </None>
    <None Include="..\shader\Water.vert">
      <Filter>Shader\Water</Filter>
    </None>
    <None Include="..\shader\WaterMesh.frag">
      <Filter>Shader\Water</Filter>
    </None>
    <None Include="..\shader\WaterOIT.frag">
      <Filter>Shader\Water</Filter>
    </None>
    <None Include="..\shader\WaterOIT.vert">
      <Filter>Shader\Water</Filter>
    </None>
    <None Include="..\shader\GBufferWater.frag">
      <Filter>Shader\Water</Filter>
    </None>
    <None Include="..\shader\GBufferWater.vert">
      <Filter>Shader\Water</Filter>
    </None>
    <None Include="..\shader\OIT.frag">
      <Filter>Shader\Transparent</Filter>
    </None>
  </ItemGroup>
</Project>